
Microsoft Visual Studio Solution File, Format Version 12.00
# Visual Studio 15
VisualStudioVersion = 15.0.27428.2002
MinimumVisualStudioVersion = 10.0.40219.1
Project("{FAE04EC0-301F-11D3-BF4B-00C04F79EFBC}") = "CinemaAppTask", "CinemaAppTask\CinemaAppTask.csproj", "{A3B75D4C-3202-4401-8A88-732EB0040B83}"
EndProject
Global
	GlobalSection(SolutionConfigurationPlatforms) = preSolution
		Debug|Any CPU = Debug|Any CPU
		Release|Any CPU = Release|Any CPU
	EndGlobalSection
	GlobalSection(ProjectConfigurationPlatforms) = postSolution
		{A3B75D4C-3202-4401-8A88-732EB0040B83}.Debug|Any CPU.ActiveCfg = Debug|Any CPU
		{A3B75D4C-3202-4401-8A88-732EB0040B83}.Debug|Any CPU.Build.0 = Debug|Any CPU
		{A3B75D4C-3202-4401-8A88-732EB0040B83}.Release|Any CPU.ActiveCfg = Release|Any CPU
		{A3B75D4C-3202-4401-8A88-732EB0040B83}.Release|Any CPU.Build.0 = Release|Any CPU
	EndGlobalSection
	GlobalSection(SolutionProperties) = preSolution
		HideSolutionNode = FALSE
	EndGlobalSection
	GlobalSection(ExtensibilityGlobals) = postSolution
		SolutionGuid = {91939A92-5D58-4D7C-9DB4-571ED6FA8C15}
	EndGlobalSection
EndGlobal
